
Microsoft Visual Studio Solution File, Format Version 12.00
# Visual Studio Version 16
VisualStudioVersion = 16.0.30523.141
MinimumVisualStudioVersion = 10.0.40219.1
Project("{FAE04EC0-301F-11D3-BF4B-00C04F79EFBC}") = "ApiProducto", "ApiProducto\ApiProducto.csproj", "{A66D6B0B-D464-4398-9335-CB28F919B563}"
EndProject
Project("{FAE04EC0-301F-11D3-BF4B-00C04F79EFBC}") = "ApiProducto.Tests", "ApiProducto.Tests\ApiProducto.Tests.csproj", "{B31D3595-B351-4675-AA54-7A6231EC9CD0}"
EndProject
Global
	GlobalSection(SolutionConfigurationPlatforms) = preSolution
		Debug|Any CPU = Debug|Any CPU
		Release|Any CPU = Release|Any CPU
	EndGlobalSection
	GlobalSection(ProjectConfigurationPlatforms) = postSolution
		{A66D6B0B-D464-4398-9335-CB28F919B563}.Debug|Any CPU.ActiveCfg = Debug|Any CPU
		{A66D6B0B-D464-4398-9335-CB28F919B563}.Debug|Any CPU.Build.0 = Debug|Any CPU
		{A66D6B0B-D464-4398-9335-CB28F919B563}.Release|Any CPU.ActiveCfg = Release|Any CPU
		{A66D6B0B-D464-4398-9335-CB28F919B563}.Release|Any CPU.Build.0 = Release|Any CPU
		{B31D3595-B351-4675-AA54-7A6231EC9CD0}.Debug|Any CPU.ActiveCfg = Debug|Any CPU
		{B31D3595-B351-4675-AA54-7A6231EC9CD0}.Debug|Any CPU.Build.0 = Debug|Any CPU
		{B31D3595-B351-4675-AA54-7A6231EC9CD0}.Release|Any CPU.ActiveCfg = Release|Any CPU
		{B31D3595-B351-4675-AA54-7A6231EC9CD0}.Release|Any CPU.Build.0 = Release|Any CPU
	EndGlobalSection
	GlobalSection(SolutionProperties) = preSolution
		HideSolutionNode = FALSE
	EndGlobalSection
	GlobalSection(ExtensibilityGlobals) = postSolution
		SolutionGuid = {E76E37AA-3EE5-464A-A0E5-76081C0B3133}
	EndGlobalSection
EndGlobal
